{
  "requires": true,
  "lockfileVersion": 1,
  "dependencies": {
    "jquery": {
      "version": "2.2.4",
      "resolved": "https://registry.npmjs.org/jquery/-/jquery-2.2.4.tgz",
      "integrity": "sha1-LInWiJterFIqfuoywUUhVZxsvwI="
    },
    "sass": {
      "version": "1.0.0-beta.4",
      "resolved": "https://registry.npmjs.org/sass/-/sass-1.0.0-beta.4.tgz",
      "integrity": "sha1-is5YRRkEBwwwhpnnVvap1PkgJLU="
    }
  }
}
